
Microsoft Visual Studio Solution File, Format Version 12.00
# Visual Studio Version 17
VisualStudioVersion = 17.4.33122.133
MinimumVisualStudioVersion = 10.0.40219.1
Project("{FAE04EC0-301F-11D3-BF4B-00C04F79EFBC}") = "HelloWorld", "HelloWorld\HelloWorld.csproj", "{DE4539B3-6054-4116-A0D0-2E9F6D80DC2F}"
EndProject
Global
	GlobalSection(SolutionConfigurationPlatforms) = preSolution
		Debug|Any CPU = Debug|Any CPU
		Release|Any CPU = Release|Any CPU
	EndGlobalSection
	GlobalSection(ProjectConfigurationPlatforms) = postSolution
		{DE4539B3-6054-4116-A0D0-2E9F6D80DC2F}.Debug|Any CPU.ActiveCfg = Debug|Any CPU
		{DE4539B3-6054-4116-A0D0-2E9F6D80DC2F}.Debug|Any CPU.Build.0 = Debug|Any CPU
		{DE4539B3-6054-4116-A0D0-2E9F6D80DC2F}.Release|Any CPU.ActiveCfg = Release|Any CPU
		{DE4539B3-6054-4116-A0D0-2E9F6D80DC2F}.Release|Any CPU.Build.0 = Release|Any CPU
	EndGlobalSection
	GlobalSection(SolutionProperties) = preSolution
		HideSolutionNode = FALSE
	EndGlobalSection
	GlobalSection(ExtensibilityGlobals) = postSolution
		SolutionGuid = {0788465A-7067-418E-9636-3BAE8670B5C0}
	EndGlobalSection
EndGlobal
